
Microsoft Visual Studio Solution File, Format Version 12.00
# Visual Studio Version 17
VisualStudioVersion = 17.14.36408.4 d17.14
MinimumVisualStudioVersion = 10.0.40219.1
Project("{FAE04EC0-301F-11D3-BF4B-00C04F79EFBC}") = "06.09", "06.09\06.09.csproj", "{8D363777-BC7D-49B2-91AE-1A300989C870}"
EndProject
Global
	GlobalSection(SolutionConfigurationPlatforms) = preSolution
		Debug|Any CPU = Debug|Any CPU
		Release|Any CPU = Release|Any CPU
	EndGlobalSection
	GlobalSection(ProjectConfigurationPlatforms) = postSolution
		{8D363777-BC7D-49B2-91AE-1A300989C870}.Debug|Any CPU.ActiveCfg = Debug|Any CPU
		{8D363777-BC7D-49B2-91AE-1A300989C870}.Debug|Any CPU.Build.0 = Debug|Any CPU
		{8D363777-BC7D-49B2-91AE-1A300989C870}.Release|Any CPU.ActiveCfg = Release|Any CPU
		{8D363777-BC7D-49B2-91AE-1A300989C870}.Release|Any CPU.Build.0 = Release|Any CPU
	EndGlobalSection
	GlobalSection(SolutionProperties) = preSolution
		HideSolutionNode = FALSE
	EndGlobalSection
	GlobalSection(ExtensibilityGlobals) = postSolution
		SolutionGuid = {17CF6AA4-69C4-45E3-98DD-909978BB8A4C}
	EndGlobalSection
EndGlobal
